
Microsoft Visual Studio Solution File, Format Version 12.00
# Visual Studio Version 17
VisualStudioVersion = 17.14.36212.18
MinimumVisualStudioVersion = 10.0.40219.1
Project("{FAE04EC0-301F-11D3-BF4B-00C04F79EFBC}") = "F1Project", "F1Project.csproj", "{B8893351-E013-4B3F-847A-05B13F2F4045}"
EndProject
Project("{FAE04EC0-301F-11D3-BF4B-00C04F79EFBC}") = "ProjectTesting", "..\ProjectTesting\ProjectTesting.csproj", "{3437D627-D893-E919-71AA-76C66E5A3F57}"
EndProject
Global
	GlobalSection(SolutionConfigurationPlatforms) = preSolution
		Debug|Any CPU = Debug|Any CPU
		Release|Any CPU = Release|Any CPU
	EndGlobalSection
	GlobalSection(ProjectConfigurationPlatforms) = postSolution
		{B8893351-E013-4B3F-847A-05B13F2F4045}.Debug|Any CPU.ActiveCfg = Debug|Any CPU
		{B8893351-E013-4B3F-847A-05B13F2F4045}.Debug|Any CPU.Build.0 = Debug|Any CPU
		{B8893351-E013-4B3F-847A-05B13F2F4045}.Release|Any CPU.ActiveCfg = Release|Any CPU
		{B8893351-E013-4B3F-847A-05B13F2F4045}.Release|Any CPU.Build.0 = Release|Any CPU
		{3437D627-D893-E919-71AA-76C66E5A3F57}.Debug|Any CPU.ActiveCfg = Debug|Any CPU
		{3437D627-D893-E919-71AA-76C66E5A3F57}.Debug|Any CPU.Build.0 = Debug|Any CPU
		{3437D627-D893-E919-71AA-76C66E5A3F57}.Release|Any CPU.ActiveCfg = Release|Any CPU
		{3437D627-D893-E919-71AA-76C66E5A3F57}.Release|Any CPU.Build.0 = Release|Any CPU
	EndGlobalSection
	GlobalSection(SolutionProperties) = preSolution
		HideSolutionNode = FALSE
	EndGlobalSection
	GlobalSection(ExtensibilityGlobals) = postSolution
		SolutionGuid = {97563147-B3F8-4EE4-A6A7-8757A0A84962}
	EndGlobalSection
EndGlobal
